
Microsoft Visual Studio Solution File, Format Version 12.00
# Visual Studio Version 17
VisualStudioVersion = 17.3.32901.215
MinimumVisualStudioVersion = 10.0.40219.1
Project("{FAE04EC0-301F-11D3-BF4B-00C04F79EFBC}") = "EmployeeApp", "EmployeeApp\EmployeeApp.csproj", "{E8D4287F-BC89-4313-9967-E900958A4035}"
EndProject
Global
	GlobalSection(SolutionConfigurationPlatforms) = preSolution
		Debug|Any CPU = Debug|Any CPU
		Release|Any CPU = Release|Any CPU
	EndGlobalSection
	GlobalSection(ProjectConfigurationPlatforms) = postSolution
		{E8D4287F-BC89-4313-9967-E900958A4035}.Debug|Any CPU.ActiveCfg = Debug|Any CPU
		{E8D4287F-BC89-4313-9967-E900958A4035}.Debug|Any CPU.Build.0 = Debug|Any CPU
		{E8D4287F-BC89-4313-9967-E900958A4035}.Release|Any CPU.ActiveCfg = Release|Any CPU
		{E8D4287F-BC89-4313-9967-E900958A4035}.Release|Any CPU.Build.0 = Release|Any CPU
	EndGlobalSection
	GlobalSection(SolutionProperties) = preSolution
		HideSolutionNode = FALSE
	EndGlobalSection
	GlobalSection(ExtensibilityGlobals) = postSolution
		SolutionGuid = {FB69F68C-B2CE-4F44-9A08-2AD106FF31E6}
	EndGlobalSection
EndGlobal
